codeberg.org/gbrlsnchs/jwt v0.1.0 h1:QrPyeOrzyAjCcHIoqWsEKXKIps5a8xwh4IuVraB8gCk=
codeberg.org/gbrlsnchs/jwt v0.1.0/go.mod h1:itqIIx8k9oim7O6ULRVTwhDRsOVgpBNk9vRBxhmReqY=
github.com/google/go-cmp v0.7.0 h1:wk8382ETsv4JYUZwIsn6YpYiWiBsYLSJiTsyBybVuN8=
github.com/google/go-cmp v0.7.0/go.mod h1:pXiqmnSA92OHEEa9HXL2W4E7lf9JzCmGVUdgjX3N/iU=
gotest.tools/v3 v3.5.2 h1:7koQfIKdy+I8UTetycgUqXWSDwpgv193Ka+qRsmBY8Q=
gotest.tools/v3 v3.5.2/go.mod h1:LtdLGcnqToBH83WByAAi/wiwSFCArdFIUV/xxN4pcjA=
